Microsoft Visual Studio Solution File, Format Version 12.00
# Visual Studio 2012
Project("{FAE04EC0-301F-11D3-BF4B-00C04F79EFBC}") = "Andromeda", "Andromeda.csproj", "{FFB45B2D-3079-4C19-85B5-E0521C8B1DD9}"
EndProject
Global
	GlobalSection(SolutionConfigurationPlatforms) = preSolution
	Debug|Any CPU = Debug|Any CPU
	ExportDebug|Any CPU = ExportDebug|Any CPU
	ExportRelease|Any CPU = ExportRelease|Any CPU
	EndGlobalSection
	GlobalSection(ProjectConfigurationPlatforms) = postSolution
		{FFB45B2D-3079-4C19-85B5-E0521C8B1DD9}.Debug|Any CPU.ActiveCfg = Debug|Any CPU
		{FFB45B2D-3079-4C19-85B5-E0521C8B1DD9}.Debug|Any CPU.Build.0 = Debug|Any CPU
		{FFB45B2D-3079-4C19-85B5-E0521C8B1DD9}.ExportDebug|Any CPU.ActiveCfg = ExportDebug|Any CPU
		{FFB45B2D-3079-4C19-85B5-E0521C8B1DD9}.ExportDebug|Any CPU.Build.0 = ExportDebug|Any CPU
		{FFB45B2D-3079-4C19-85B5-E0521C8B1DD9}.ExportRelease|Any CPU.ActiveCfg = ExportRelease|Any CPU
		{FFB45B2D-3079-4C19-85B5-E0521C8B1DD9}.ExportRelease|Any CPU.Build.0 = ExportRelease|Any CPU
	EndGlobalSection
EndGlobal
